
Microsoft Visual Studio Solution File, Format Version 12.00
# Visual Studio 15
VisualStudioVersion = 15.0.26730.10
MinimumVisualStudioVersion = 10.0.40219.1
Project("{8BC9CEB8-8B4A-11D0-8D11-00A0C91BC942}") = "Aladdin", "Aladdin\Aladdin.vcxproj", "{F4CF6139-2E28-4211-8EC4-C5CF060A9775}"
EndProject
Global
	GlobalSection(SolutionConfigurationPlatforms) = preSolution
		Debug|Win32 = Debug|Win32
		Release|Win32 = Release|Win32
	EndGlobalSection
	GlobalSection(ProjectConfigurationPlatforms) = postSolution
		{F4CF6139-2E28-4211-8EC4-C5CF060A9775}.Debug|Win32.ActiveCfg = Debug|Win32
		{F4CF6139-2E28-4211-8EC4-C5CF060A9775}.Debug|Win32.Build.0 = Debug|Win32
		{F4CF6139-2E28-4211-8EC4-C5CF060A9775}.Release|Win32.ActiveCfg = Release|Win32
		{F4CF6139-2E28-4211-8EC4-C5CF060A9775}.Release|Win32.Build.0 = Release|Win32
	EndGlobalSection
	GlobalSection(SolutionProperties) = preSolution
		HideSolutionNode = FALSE
	EndGlobalSection
	GlobalSection(ExtensibilityGlobals) = postSolution
		SolutionGuid = {44996BC1-F90B-4E8F-B5B4-DD06B3AA8C59}
	EndGlobalSection
EndGlobal
