<?xml version="1.0" encoding="utf-8"?>
<Project ToolsVersion="4.0" xmlns="http://schemas.microsoft.com/developer/msbuild/2003">
  <ItemGroup>
    <Filter Include="Source Files">
      <UniqueIdentifier>{4FC737F1-C7A5-4376-A066-2A32D752A2FF}</UniqueIdentifier>
      <Extensions>cpp;c;cc;cxx;def;odl;idl;hpj;bat;asm;asmx</Extensions>
    </Filter>
    <Filter Include="Header Files">
      <UniqueIdentifier>{93995380-89BD-4b04-88EB-625FBE52EBFB}</UniqueIdentifier>
      <Extensions>h;hh;hpp;hxx;hm;inl;inc;xsd</Extensions>
    </Filter>
    <Filter Include="Resource Files">
      <UniqueIdentifier>{67DA6AB6-F800-4c08-8B7A-83BB121AAD01}</UniqueIdentifier>
      <Extensions>rc;ico;cur;bmp;dlg;rc2;rct;bin;rgs;gif;jpg;jpeg;jpe;resx;tiff;tif;png;wav;mfcribbon-ms</Extensions>
    </Filter>
    <Filter Include="Header Files\FrameWork">
      <UniqueIdentifier>{321214ed-24b5-4450-b7f9-117dcf2f8ee6}</UniqueIdentifier>
    </Filter>
    <Filter Include="Source Files\FrameWork">
      <UniqueIdentifier>{d3500dac-b58e-402f-8130-dd2c59bf7f3c}</UniqueIdentifier>
    </Filter>
    <Filter Include="Header Files\Object">
      <UniqueIdentifier>{da8a7723-e96f-4522-8638-d429a2c5182a}</UniqueIdentifier>
    </Filter>
    <Filter Include="Source Files\Object">
      <UniqueIdentifier>{43115d9e-ec2f-427a-a130-f7ef67bad1e6}</UniqueIdentifier>
    </Filter>
    <Filter Include="Header Files\FrameWork\Manager">
      <UniqueIdentifier>{c600e0a8-c5ca-4025-b5e6-99102ce7793b}</UniqueIdentifier>
    </Filter>
    <Filter Include="Source Files\FrameWork\Manager">
      <UniqueIdentifier>{00c9ff95-1729-4b4f-967b-44e834287eda}</UniqueIdentifier>
    </Filter>
    <Filter Include="Header Files\Object\Enemies">
      <UniqueIdentifier>{2b0f8715-1b22-4cc0-a57b-aca8e7861ce3}</UniqueIdentifier>
    </Filter>
    <Filter Include="Header Files\Object\GameObjects">
      <UniqueIdentifier>{85eb93d2-958c-4834-9deb-161af68ff242}</UniqueIdentifier>
    </Filter>
    <Filter Include="Header Files\Object\Weapons">
      <UniqueIdentifier>{4e9ab0a8-a469-4cfa-be71-76d1eec01e1a}</UniqueIdentifier>
    </Filter>
    <Filter Include="Source Files\Object\Enemies">
      <UniqueIdentifier>{7ce271ae-e355-4e53-84fa-858c72537736}</UniqueIdentifier>
    </Filter>
    <Filter Include="Source Files\Object\GameObjects">
      <UniqueIdentifier>{b4a8e1bd-e358-40fd-b44c-c0406668fc6c}</UniqueIdentifier>
    </Filter>
    <Filter Include="Source Files\Object\Weapons">
      <UniqueIdentifier>{a87368fc-23ed-4536-bedb-baa171c713f2}</UniqueIdentifier>
    </Filter>
    <Filter Include="Header Files\Debug">
      <UniqueIdentifier>{a1b6a736-3163-4bb6-afe8-d1c9bd828289}</UniqueIdentifier>
    </Filter>
    <Filter Include="Source Files\Scenes">
      <UniqueIdentifier>{dcf85cb3-9864-438f-8fc5-6dea9f61c150}</UniqueIdentifier>
    </Filter>
    <Filter Include="Header Files\Scenes">
      <UniqueIdentifier>{39e7ce3d-1743-485d-b8c9-37d4468eda5f}</UniqueIdentifier>
    </Filter>
    <Filter Include="Resource Files\MapReader">
      <UniqueIdentifier>{a3f33e16-6046-4740-a570-5c4e578b9885}</UniqueIdentifier>
    </Filter>
    <Filter Include="Header Files\Score">
      <UniqueIdentifier>{ebf70ff7-8f86-4c6d-89d1-bf638c565ad3}</UniqueIdentifier>
    </Filter>
    <Filter Include="Source Files\Score">
      <UniqueIdentifier>{3d8f4f6d-1899-4908-bf20-85001f80621a}</UniqueIdentifier>
    </Filter>
  </ItemGroup>
  <ItemGroup>
    <ClCompile Include="main.cpp">
      <Filter>Source Files</Filter>
    </ClCompile>
    <ClCompile Include="FrameWork\Animation.cpp">
      <Filter>Source Files\FrameWork</Filter>
    </ClCompile>
    <ClCompile Include="FrameWork\Event.cpp">
      <Filter>Source Files\FrameWork</Filter>
    </ClCompile>
    <ClCompile Include="FrameWork\Game.cpp">
      <Filter>Source Files\FrameWork</Filter>
    </ClCompile>
    <ClCompile Include="FrameWork\GameTime.cpp">
      <Filter>Source Files\FrameWork</Filter>
    </ClCompile>
    <ClCompile Include="FrameWork\Graphics.cpp">
      <Filter>Source Files\FrameWork</Filter>
    </ClCompile>
    <ClCompile Include="FrameWork\InputController.cpp">
      <Filter>Source Files\FrameWork</Filter>
    </ClCompile>
    <ClCompile Include="FrameWork\Scene.cpp">
      <Filter>Source Files\FrameWork</Filter>
    </ClCompile>
    <ClCompile Include="FrameWork\Sprite.cpp">
      <Filter>Source Files\FrameWork</Filter>
    </ClCompile>
    <ClCompile Include="FrameWork\Texture.cpp">
      <Filter>Source Files\FrameWork</Filter>
    </ClCompile>
    <ClCompile Include="FrameWork\TimeSpan.cpp">
      <Filter>Source Files\FrameWork</Filter>
    </ClCompile>
    <ClCompile Include="FrameWork\Transformable.cpp">
      <Filter>Source Files\FrameWork</Filter>
    </ClCompile>
    <ClCompile Include="FrameWork\Manager\DeviceManager.cpp">
      <Filter>Source Files\FrameWork\Manager</Filter>
    </ClCompile>
    <ClCompile Include="FrameWork\Manager\SceneManager.cpp">
      <Filter>Source Files\FrameWork\Manager</Filter>
    </ClCompile>
    <ClCompile Include="FrameWork\Manager\SpriteManager.cpp">
      <Filter>Source Files\FrameWork\Manager</Filter>
    </ClCompile>
    <ClCompile Include="FrameWork\StopWatch.cpp">
      <Filter>Source Files\FrameWork</Filter>
    </ClCompile>
    <ClCompile Include="FrameWork\IComponent.cpp">
      <Filter>Source Files\FrameWork</Filter>
    </ClCompile>
    <ClCompile Include="FrameWork\CollisionBody.cpp">
      <Filter>Source Files\FrameWork</Filter>
    </ClCompile>
    <ClCompile Include="FrameWork\Text.cpp">
      <Filter>Source Files\FrameWork</Filter>
    </ClCompile>
    <ClCompile Include="Objects\Enemies\BaseEnemy.cpp">
      <Filter>Source Files\Object\Enemies</Filter>
    </ClCompile>
    <ClCompile Include="Objects\Enemies\GuardThin.cpp">
      <Filter>Source Files\Object\Enemies</Filter>
    </ClCompile>
    <ClCompile Include="Objects\BaseObject.cpp">
      <Filter>Source Files\Object</Filter>
    </ClCompile>
    <ClCompile Include="Objects\Enemies\GuardShort.cpp">
      <Filter>Source Files\Object\Enemies</Filter>
    </ClCompile>
    <ClCompile Include="FrameWork\ViewPort.cpp">
      <Filter>Source Files\FrameWork</Filter>
    </ClCompile>
    <ClCompile Include="Objects\Enemies\GuardLu.cpp">
      <Filter>Source Files\Object\Enemies</Filter>
    </ClCompile>
    <ClCompile Include="FrameWork\Utils.cpp">
      <Filter>Source Files\FrameWork</Filter>
    </ClCompile>
    <ClCompile Include="FrameWork\QuadTree.cpp">
      <Filter>Source Files\FrameWork</Filter>
    </ClCompile>
    <ClCompile Include="Scenes\BackGround.cpp">
      <Filter>Source Files\Scenes</Filter>
    </ClCompile>
    <ClCompile Include="Scenes\PlayScene.cpp">
      <Filter>Source Files\Scenes</Filter>
    </ClCompile>
    <ClCompile Include="Scenes\BackGroundFront.cpp">
      <Filter>Source Files\Scenes</Filter>
    </ClCompile>
    <ClCompile Include="Objects\Enemies\GuardThrowJar.cpp">
      <Filter>Source Files\Object\Enemies</Filter>
    </ClCompile>
    <ClCompile Include="Objects\Enemies\Jar.cpp">
      <Filter>Source Files\Object\Enemies</Filter>
    </ClCompile>
    <ClCompile Include="Objects\Enemies\KnifeShort.cpp">
      <Filter>Source Files\Object\Enemies</Filter>
    </ClCompile>
    <ClCompile Include="Objects\Enemies\Knife.cpp">
      <Filter>Source Files\Object\Enemies</Filter>
    </ClCompile>
    <ClCompile Include="Objects\Enemies\GuardFat.cpp">
      <Filter>Source Files\Object\Enemies</Filter>
    </ClCompile>
    <ClCompile Include="Objects\Enemies\Fire.cpp">
      <Filter>Source Files\Object\Enemies</Filter>
    </ClCompile>
    <ClCompile Include="Objects\GameObjects\Land.cpp">
      <Filter>Source Files\Object\GameObjects</Filter>
    </ClCompile>
    <ClCompile Include="Objects\GameObjects\Aladdin.cpp">
      <Filter>Source Files\Object\GameObjects</Filter>
    </ClCompile>
    <ClCompile Include="Objects\GameObjects\AppleThrow.cpp">
      <Filter>Source Files\Object\GameObjects</Filter>
    </ClCompile>
    <ClCompile Include="Objects\GameObjects\FallingPlatform.cpp">
      <Filter>Source Files\Object\GameObjects</Filter>
    </ClCompile>
    <ClCompile Include="AladdinGame.cpp">
      <Filter>Source Files</Filter>
    </ClCompile>
    <ClCompile Include="Objects\Enemies\Knife.cpp">
      <Filter>Source Files\Object\Enemies</Filter>
    </ClCompile>
    <ClCompile Include="Objects\GameObjects\Camel.cpp">
      <Filter>Source Files\Object\GameObjects</Filter>
    </ClCompile>
    <ClCompile Include="Objects\GameObjects\EatApple.cpp">
      <Filter>Source Files\Object\GameObjects</Filter>
    </ClCompile>
    <ClCompile Include="Resources\MapReader\base64.cpp">
      <Filter>Resource Files\MapReader</Filter>
    </ClCompile>
    <ClCompile Include="Resources\MapReader\miniz.c">
      <Filter>Resource Files\MapReader</Filter>
    </ClCompile>
    <ClCompile Include="Resources\MapReader\tinyxml2.cpp">
      <Filter>Resource Files\MapReader</Filter>
    </ClCompile>
    <ClCompile Include="Resources\MapReader\TmxEllipse.cpp">
      <Filter>Resource Files\MapReader</Filter>
    </ClCompile>
    <ClCompile Include="Resources\MapReader\TmxImage.cpp">
      <Filter>Resource Files\MapReader</Filter>
    </ClCompile>
    <ClCompile Include="Resources\MapReader\TmxImageLayer.cpp">
      <Filter>Resource Files\MapReader</Filter>
    </ClCompile>
    <ClCompile Include="Resources\MapReader\TmxLayer.cpp">
      <Filter>Resource Files\MapReader</Filter>
    </ClCompile>
    <ClCompile Include="Resources\MapReader\TmxMap.cpp">
      <Filter>Resource Files\MapReader</Filter>
    </ClCompile>
    <ClCompile Include="Resources\MapReader\TmxObject.cpp">
      <Filter>Resource Files\MapReader</Filter>
    </ClCompile>
    <ClCompile Include="Resources\MapReader\TmxObjectGroup.cpp">
      <Filter>Resource Files\MapReader</Filter>
    </ClCompile>
    <ClCompile Include="Resources\MapReader\TmxPolygon.cpp">
      <Filter>Resource Files\MapReader</Filter>
    </ClCompile>
    <ClCompile Include="Resources\MapReader\TmxPolyline.cpp">
      <Filter>Resource Files\MapReader</Filter>
    </ClCompile>
    <ClCompile Include="Resources\MapReader\TmxPropertySet.cpp">
      <Filter>Resource Files\MapReader</Filter>
    </ClCompile>
    <ClCompile Include="Resources\MapReader\TmxTerrain.cpp">
      <Filter>Resource Files\MapReader</Filter>
    </ClCompile>
    <ClCompile Include="Resources\MapReader\TmxTerrainArray.cpp">
      <Filter>Resource Files\MapReader</Filter>
    </ClCompile>
    <ClCompile Include="Resources\MapReader\TmxTile.cpp">
      <Filter>Resource Files\MapReader</Filter>
    </ClCompile>
    <ClCompile Include="Resources\MapReader\TmxTileLayer.cpp">
      <Filter>Resource Files\MapReader</Filter>
    </ClCompile>
    <ClCompile Include="Resources\MapReader\TmxTileOffset.cpp">
      <Filter>Resource Files\MapReader</Filter>
    </ClCompile>
    <ClCompile Include="Resources\MapReader\TmxTileset.cpp">
      <Filter>Resource Files\MapReader</Filter>
    </ClCompile>
    <ClCompile Include="Resources\MapReader\TmxUtil.cpp">
      <Filter>Resource Files\MapReader</Filter>
    </ClCompile>
    <ClCompile Include="FrameWork\ReadMapEditor.cpp">
      <Filter>Source Files\FrameWork</Filter>
    </ClCompile>
    <ClCompile Include="Objects\GameObjects\BulletCamel.cpp">
      <Filter>Source Files\Object\GameObjects</Filter>
    </ClCompile>
    <ClCompile Include="Objects\GameObjects\RestartPoint.cpp">
      <Filter>Source Files\Object\GameObjects</Filter>
    </ClCompile>
    <ClCompile Include="FrameWork\Manager\SoundManager.cpp">
      <Filter>Source Files\FrameWork\Manager</Filter>
    </ClCompile>
    <ClCompile Include="Objects\GameObjects\EatHeart.cpp">
      <Filter>Source Files\Object\GameObjects</Filter>
    </ClCompile>
    <ClCompile Include="Objects\GameObjects\Spring.cpp">
      <Filter>Source Files\Object\GameObjects</Filter>
    </ClCompile>
    <ClCompile Include="Objects\GameObjects\EatCoin.cpp">
      <Filter>Source Files\Object\GameObjects</Filter>
    </ClCompile>
    <ClCompile Include="Scenes\IntroScene.cpp">
      <Filter>Source Files\Scenes</Filter>
    </ClCompile>
    <ClCompile Include="Scenes\EndScene.cpp">
      <Filter>Source Files\Scenes</Filter>
    </ClCompile>
    <ClCompile Include="Scenes\BossScene.cpp">
      <Filter>Source Files\Scenes</Filter>
    </ClCompile>
    <ClCompile Include="Objects\Score\Life.cpp">
      <Filter>Source Files\Score</Filter>
    </ClCompile>
    <ClCompile Include="Objects\Score\InforAladdin.cpp">
      <Filter>Source Files\Score</Filter>
    </ClCompile>
    <ClCompile Include="Objects\Score\Health.cpp">
      <Filter>Source Files\Score</Filter>
    </ClCompile>
    <ClCompile Include="Objects\Score\Coin.cpp">
      <Filter>Source Files\Score</Filter>
    </ClCompile>
    <ClCompile Include="Objects\GameObjects\Boom.cpp">
      <Filter>Source Files\Object\GameObjects</Filter>
    </ClCompile>
    <ClCompile Include="Objects\Score\Apple.cpp">
      <Filter>Source Files\Score</Filter>
    </ClCompile>
    <ClCompile Include="Objects\Score\Letter.cpp">
      <Filter>Source Files\Score</Filter>
    </ClCompile>
    <ClCompile Include="Objects\Score\Alphabet.cpp">
      <Filter>Source Files\Score</Filter>
    </ClCompile>
    <ClCompile Include="FrameWork\C_Sound.cpp">
      <Filter>Source Files\FrameWork</Filter>
    </ClCompile>
    <ClCompile Include="Objects\Enemies\GuardKnifeThrower.cpp">
      <Filter>Source Files\Object\Enemies</Filter>
    </ClCompile>
  </ItemGroup>
  <ItemGroup>
    <ClInclude Include="FrameWork\Animation.h">
      <Filter>Header Files\FrameWork</Filter>
    </ClInclude>
    <ClInclude Include="FrameWork\debug.h">
      <Filter>Header Files\FrameWork</Filter>
    </ClInclude>
    <ClInclude Include="FrameWork\define.h">
      <Filter>Header Files\FrameWork</Filter>
    </ClInclude>
    <ClInclude Include="FrameWork\Event.h">
      <Filter>Header Files\FrameWork</Filter>
    </ClInclude>
    <ClInclude Include="FrameWork\Game.h">
      <Filter>Header Files\FrameWork</Filter>
    </ClInclude>
    <ClInclude Include="FrameWork\GameTime.h">
      <Filter>Header Files\FrameWork</Filter>
    </ClInclude>
    <ClInclude Include="FrameWork\Graphics.h">
      <Filter>Header Files\FrameWork</Filter>
    </ClInclude>
    <ClInclude Include="FrameWork\InputController.h">
      <Filter>Header Files\FrameWork</Filter>
    </ClInclude>
    <ClInclude Include="FrameWork\Scene.h">
      <Filter>Header Files\FrameWork</Filter>
    </ClInclude>
    <ClInclude Include="FrameWork\Sprite.h">
      <Filter>Header Files\FrameWork</Filter>
    </ClInclude>
    <ClInclude Include="FrameWork\Texture.h">
      <Filter>Header Files\FrameWork</Filter>
    </ClInclude>
    <ClInclude Include="FrameWork\TimeSpan.h">
      <Filter>Header Files\FrameWork</Filter>
    </ClInclude>
    <ClInclude Include="FrameWork\Transformable.h">
      <Filter>Header Files\FrameWork</Filter>
    </ClInclude>
    <ClInclude Include="FrameWork\Manager\DeviceManager.h">
      <Filter>Header Files\FrameWork\Manager</Filter>
    </ClInclude>
    <ClInclude Include="FrameWork\Manager\SceneManager.h">
      <Filter>Header Files\FrameWork\Manager</Filter>
    </ClInclude>
    <ClInclude Include="FrameWork\Manager\SpriteManager.h">
      <Filter>Header Files\FrameWork\Manager</Filter>
    </ClInclude>
    <ClInclude Include="FrameWork\StopWatch.h">
      <Filter>Header Files\FrameWork</Filter>
    </ClInclude>
    <ClInclude Include="FrameWork\IComponent.h">
      <Filter>Header Files\FrameWork</Filter>
    </ClInclude>
    <ClInclude Include="FrameWork\CollisionBody.h">
      <Filter>Header Files\FrameWork</Filter>
    </ClInclude>
    <ClInclude Include="FrameWork\Text.h">
      <Filter>Header Files\FrameWork</Filter>
    </ClInclude>
    <ClInclude Include="Objects\Enemies\BaseEnemy.h">
      <Filter>Header Files\Object\Enemies</Filter>
    </ClInclude>
    <ClInclude Include="Objects\Enemies\GuardThin.h">
      <Filter>Header Files\Object\Enemies</Filter>
    </ClInclude>
    <ClInclude Include="Objects\BaseObject.h">
      <Filter>Header Files\Object</Filter>
    </ClInclude>
    <ClInclude Include="Objects\Enemies\GuardShort.h">
      <Filter>Header Files\Object\Enemies</Filter>
    </ClInclude>
    <ClInclude Include="FrameWork\ViewPort.h">
      <Filter>Header Files\FrameWork</Filter>
    </ClInclude>
    <ClInclude Include="Objects\Enemies\GuardLu.h">
      <Filter>Header Files\Object\Enemies</Filter>
    </ClInclude>
    <ClInclude Include="FrameWork\Utils.h">
      <Filter>Header Files\FrameWork</Filter>
    </ClInclude>
    <ClInclude Include="FrameWork\QuadTree.h">
      <Filter>Header Files\FrameWork</Filter>
    </ClInclude>
    <ClInclude Include="Scenes\BackGround.h">
      <Filter>Header Files\Scenes</Filter>
    </ClInclude>
    <ClInclude Include="Scenes\PlayScene.h">
      <Filter>Header Files\Scenes</Filter>
    </ClInclude>
    <ClInclude Include="Scenes\BackGroundFront.h">
      <Filter>Header Files\Scenes</Filter>
    </ClInclude>
    <ClInclude Include="Objects\Enemies\GuardThrowJar.h">
      <Filter>Header Files\Object\Enemies</Filter>
    </ClInclude>
    <ClInclude Include="Objects\Enemies\Jar.h">
      <Filter>Header Files\Object\Enemies</Filter>
    </ClInclude>
    <ClInclude Include="Objects\Enemies\GuardFat.h">
      <Filter>Header Files\Object\Enemies</Filter>
    </ClInclude>
    <ClInclude Include="Objects\Enemies\Knife.h">
      <Filter>Header Files\Object\Enemies</Filter>
    </ClInclude>
    <ClInclude Include="Objects\Enemies\KnifeShort.h">
      <Filter>Header Files\Object\Enemies</Filter>
    </ClInclude>
    <ClInclude Include="Objects\GameObjects\Aladdin.h">
      <Filter>Header Files\Object\GameObjects</Filter>
    </ClInclude>
    <ClInclude Include="Objects\GameObjects\AppleThrow.h">
      <Filter>Header Files\Object\GameObjects</Filter>
    </ClInclude>
    <ClInclude Include="Objects\GameObjects\FallingPlatform.h">
      <Filter>Header Files\Object\GameObjects</Filter>
    </ClInclude>
    <ClInclude Include="Objects\GameObjects\Land.h">
      <Filter>Header Files\Object\GameObjects</Filter>
    </ClInclude>
    <ClInclude Include="AladdinGame.h">
      <Filter>Header Files</Filter>
    </ClInclude>
    <ClInclude Include="Objects\Enemies\Knife.h">
      <Filter>Header Files\Object\Enemies</Filter>
    </ClInclude>
    <ClInclude Include="Objects\GameObjects\Camel.h">
      <Filter>Header Files\Object\GameObjects</Filter>
    </ClInclude>
    <ClInclude Include="Objects\Enemies\Fire.h">
      <Filter>Header Files\Object\Enemies</Filter>
    </ClInclude>
    <ClInclude Include="Objects\GameObjects\EatApple.h">
      <Filter>Header Files\Object\GameObjects</Filter>
    </ClInclude>
    <ClInclude Include="Resources\MapReader\base64.h">
      <Filter>Resource Files\MapReader</Filter>
    </ClInclude>
    <ClInclude Include="Resources\MapReader\tinyxml2.h">
      <Filter>Resource Files\MapReader</Filter>
    </ClInclude>
    <ClInclude Include="Resources\MapReader\Tmx.h">
      <Filter>Resource Files\MapReader</Filter>
    </ClInclude>
    <ClInclude Include="Resources\MapReader\TmxEllipse.h">
      <Filter>Resource Files\MapReader</Filter>
    </ClInclude>
    <ClInclude Include="Resources\MapReader\TmxImage.h">
      <Filter>Resource Files\MapReader</Filter>
    </ClInclude>
    <ClInclude Include="Resources\MapReader\TmxImageLayer.h">
      <Filter>Resource Files\MapReader</Filter>
    </ClInclude>
    <ClInclude Include="Resources\MapReader\TmxLayer.h">
      <Filter>Resource Files\MapReader</Filter>
    </ClInclude>
    <ClInclude Include="Resources\MapReader\TmxMap.h">
      <Filter>Resource Files\MapReader</Filter>
    </ClInclude>
    <ClInclude Include="Resources\MapReader\TmxMapTile.h">
      <Filter>Resource Files\MapReader</Filter>
    </ClInclude>
    <ClInclude Include="Resources\MapReader\TmxObject.h">
      <Filter>Resource Files\MapReader</Filter>
    </ClInclude>
    <ClInclude Include="Resources\MapReader\TmxObjectGroup.h">
      <Filter>Resource Files\MapReader</Filter>
    </ClInclude>
    <ClInclude Include="Resources\MapReader\TmxPoint.h">
      <Filter>Resource Files\MapReader</Filter>
    </ClInclude>
    <ClInclude Include="Resources\MapReader\TmxPolygon.h">
      <Filter>Resource Files\MapReader</Filter>
    </ClInclude>
    <ClInclude Include="Resources\MapReader\TmxPolyline.h">
      <Filter>Resource Files\MapReader</Filter>
    </ClInclude>
    <ClInclude Include="Resources\MapReader\TmxPropertySet.h">
      <Filter>Resource Files\MapReader</Filter>
    </ClInclude>
    <ClInclude Include="Resources\MapReader\TmxTerrain.h">
      <Filter>Resource Files\MapReader</Filter>
    </ClInclude>
    <ClInclude Include="Resources\MapReader\TmxTerrainArray.h">
      <Filter>Resource Files\MapReader</Filter>
    </ClInclude>
    <ClInclude Include="Resources\MapReader\TmxTile.h">
      <Filter>Resource Files\MapReader</Filter>
    </ClInclude>
    <ClInclude Include="Resources\MapReader\TmxTileLayer.h">
      <Filter>Resource Files\MapReader</Filter>
    </ClInclude>
    <ClInclude Include="Resources\MapReader\TmxTileOffset.h">
      <Filter>Resource Files\MapReader</Filter>
    </ClInclude>
    <ClInclude Include="Resources\MapReader\TmxTileset.h">
      <Filter>Resource Files\MapReader</Filter>
    </ClInclude>
    <ClInclude Include="Resources\MapReader\TmxUtil.h">
      <Filter>Resource Files\MapReader</Filter>
    </ClInclude>
    <ClInclude Include="Resources\MapReader\zconf.h">
      <Filter>Resource Files\MapReader</Filter>
    </ClInclude>
    <ClInclude Include="Resources\MapReader\zlib.h">
      <Filter>Resource Files\MapReader</Filter>
    </ClInclude>
    <ClInclude Include="FrameWork\ReadMapEditor.h">
      <Filter>Header Files\FrameWork</Filter>
    </ClInclude>
    <ClInclude Include="Objects\GameObjects\BulletCamel.h">
      <Filter>Header Files\Object\GameObjects</Filter>
    </ClInclude>
    <ClInclude Include="Objects\GameObjects\Spring.h">
      <Filter>Header Files\Object\GameObjects</Filter>
    </ClInclude>
    <ClInclude Include="Objects\GameObjects\RestartPoint.h">
      <Filter>Header Files\Object\GameObjects</Filter>
    </ClInclude>
    <ClInclude Include="Objects\GameObjects\EatHeart.h">
      <Filter>Header Files\Object\GameObjects</Filter>
    </ClInclude>
    <ClInclude Include="Objects\GameObjects\EatCoin.h">
      <Filter>Header Files\Object\GameObjects</Filter>
    </ClInclude>
    <ClInclude Include="Scenes\IntroScene.h">
      <Filter>Header Files\Scenes</Filter>
    </ClInclude>
    <ClInclude Include="Scenes\EndScene.h">
      <Filter>Header Files\Scenes</Filter>
    </ClInclude>
    <ClInclude Include="Scenes\BossScene.h">
      <Filter>Header Files\Scenes</Filter>
    </ClInclude>
    <ClInclude Include="Objects\Score\Life.h">
      <Filter>Header Files\Score</Filter>
    </ClInclude>
    <ClInclude Include="Objects\Score\InforAladdin.h">
      <Filter>Header Files\Score</Filter>
    </ClInclude>
    <ClInclude Include="Objects\Score\Health.h">
      <Filter>Header Files\Score</Filter>
    </ClInclude>
    <ClInclude Include="Objects\Score\Coin.h">
      <Filter>Header Files\Score</Filter>
    </ClInclude>
    <ClInclude Include="Objects\GameObjects\Boom.h">
      <Filter>Header Files\Object\GameObjects</Filter>
    </ClInclude>
    <ClInclude Include="Objects\Score\Apple.h">
      <Filter>Header Files\Score</Filter>
    </ClInclude>
    <ClInclude Include="Objects\Score\Letter.h">
      <Filter>Header Files\Score</Filter>
    </ClInclude>
    <ClInclude Include="Objects\Score\Alphabet.h">
      <Filter>Source Files\Score</Filter>
    </ClInclude>
    <ClInclude Include="FrameWork\Manager\SoundManager.h">
      <Filter>Header Files\FrameWork\Manager</Filter>
    </ClInclude>
    <ClInclude Include="FrameWork\C_Sound.h">
      <Filter>Header Files\FrameWork</Filter>
    </ClInclude>
    <ClInclude Include="Objects\Enemies\GuardKnifeThrower.h">
      <Filter>Header Files\Object\Enemies</Filter>
    </ClInclude>
  </ItemGroup>
  <ItemGroup>
    <Text Include="Cach code.txt" />
  </ItemGroup>
  <ItemGroup>
    <None Include="ClassDiagram.cd" />
    <None Include="Objects\GameObjects\desktop.ini" />
    <None Include="Resources\Images\mapobject.tmx">
      <Filter>Resource Files\MapReader</Filter>
    </None>
  </ItemGroup>
</Project>