<?xml version="1.0" encoding="utf-8"?>
<Project ToolsVersion="4.0" xmlns="http://schemas.microsoft.com/developer/msbuild/2003">
  <ItemGroup>
    <Filter Include="Source Files">
      <UniqueIdentifier>{4FC737F1-C7A5-4376-A066-2A32D752A2FF}</UniqueIdentifier>
      <Extensions>cpp;c;cc;cxx;def;odl;idl;hpj;bat;asm;asmx</Extensions>
    </Filter>
    <Filter Include="Header Files">
      <UniqueIdentifier>{93995380-89BD-4b04-88EB-625FBE52EBFB}</UniqueIdentifier>
      <Extensions>h;hh;hpp;hxx;hm;inl;inc;xsd</Extensions>
    </Filter>
    <Filter Include="Resource Files">
      <UniqueIdentifier>{67DA6AB6-F800-4c08-8B7A-83BB121AAD01}</UniqueIdentifier>
      <Extensions>rc;ico;cur;bmp;dlg;rc2;rct;bin;rgs;gif;jpg;jpeg;jpe;resx;tiff;tif;png;wav;mfcribbon-ms</Extensions>
    </Filter>
    <Filter Include="Header Files\FrameWork">
      <UniqueIdentifier>{321214ed-24b5-4450-b7f9-117dcf2f8ee6}</UniqueIdentifier>
    </Filter>
    <Filter Include="Source Files\FrameWork">
      <UniqueIdentifier>{d3500dac-b58e-402f-8130-dd2c59bf7f3c}</UniqueIdentifier>
    </Filter>
    <Filter Include="Header Files\Object">
      <UniqueIdentifier>{da8a7723-e96f-4522-8638-d429a2c5182a}</UniqueIdentifier>
    </Filter>
    <Filter Include="Source Files\Object">
      <UniqueIdentifier>{43115d9e-ec2f-427a-a130-f7ef67bad1e6}</UniqueIdentifier>
    </Filter>
    <Filter Include="Header Files\FrameWork\Manager">
      <UniqueIdentifier>{c600e0a8-c5ca-4025-b5e6-99102ce7793b}</UniqueIdentifier>
    </Filter>
    <Filter Include="Source Files\FrameWork\Manager">
      <UniqueIdentifier>{00c9ff95-1729-4b4f-967b-44e834287eda}</UniqueIdentifier>
    </Filter>
  </ItemGroup>
  <ItemGroup>
    <ClCompile Include="main.cpp">
      <Filter>Source Files</Filter>
    </ClCompile>
    <ClCompile Include="AladdinGame.cpp">
      <Filter>Source Files</Filter>
    </ClCompile>
    <ClCompile Include="FrameWork\Animation.cpp">
      <Filter>Source Files\FrameWork</Filter>
    </ClCompile>
    <ClCompile Include="FrameWork\Event.cpp">
      <Filter>Source Files\FrameWork</Filter>
    </ClCompile>
    <ClCompile Include="FrameWork\Game.cpp">
      <Filter>Source Files\FrameWork</Filter>
    </ClCompile>
    <ClCompile Include="FrameWork\GameTime.cpp">
      <Filter>Source Files\FrameWork</Filter>
    </ClCompile>
    <ClCompile Include="FrameWork\Graphics.cpp">
      <Filter>Source Files\FrameWork</Filter>
    </ClCompile>
    <ClCompile Include="FrameWork\InputController.cpp">
      <Filter>Source Files\FrameWork</Filter>
    </ClCompile>
    <ClCompile Include="FrameWork\Scene.cpp">
      <Filter>Source Files\FrameWork</Filter>
    </ClCompile>
    <ClCompile Include="FrameWork\Sprite.cpp">
      <Filter>Source Files\FrameWork</Filter>
    </ClCompile>
    <ClCompile Include="FrameWork\Texture.cpp">
      <Filter>Source Files\FrameWork</Filter>
    </ClCompile>
    <ClCompile Include="FrameWork\TimeSpan.cpp">
      <Filter>Source Files\FrameWork</Filter>
    </ClCompile>
    <ClCompile Include="FrameWork\Transformable.cpp">
      <Filter>Source Files\FrameWork</Filter>
    </ClCompile>
    <ClCompile Include="FrameWork\ViewPort.cpp">
      <Filter>Source Files\FrameWork</Filter>
    </ClCompile>
    <ClCompile Include="FrameWork\DeviceManager.cpp">
      <Filter>Source Files\FrameWork\Manager</Filter>
    </ClCompile>
    <ClCompile Include="FrameWork\SceneManager.cpp">
      <Filter>Source Files\FrameWork\Manager</Filter>
    </ClCompile>
    <ClCompile Include="FrameWork\SpriteManager.cpp">
      <Filter>Source Files\FrameWork\Manager</Filter>
    </ClCompile>
    <ClCompile Include="Objects\AladdinCharacter.cpp">
      <Filter>Source Files\Object</Filter>
    </ClCompile>
  </ItemGroup>
  <ItemGroup>
    <ClInclude Include="AladdinGame.h">
      <Filter>Header Files</Filter>
    </ClInclude>
    <ClInclude Include="FrameWork\DeviceManager.h">
      <Filter>Header Files\FrameWork\Manager</Filter>
    </ClInclude>
    <ClInclude Include="FrameWork\SceneManager.h">
      <Filter>Header Files\FrameWork\Manager</Filter>
    </ClInclude>
    <ClInclude Include="FrameWork\SpriteManager.h">
      <Filter>Header Files\FrameWork\Manager</Filter>
    </ClInclude>
    <ClInclude Include="FrameWork\Animation.h">
      <Filter>Header Files\FrameWork</Filter>
    </ClInclude>
    <ClInclude Include="FrameWork\debug.h">
      <Filter>Header Files\FrameWork</Filter>
    </ClInclude>
    <ClInclude Include="FrameWork\define.h">
      <Filter>Header Files\FrameWork</Filter>
    </ClInclude>
    <ClInclude Include="FrameWork\Event.h">
      <Filter>Header Files\FrameWork</Filter>
    </ClInclude>
    <ClInclude Include="FrameWork\Game.h">
      <Filter>Header Files\FrameWork</Filter>
    </ClInclude>
    <ClInclude Include="FrameWork\GameTime.h">
      <Filter>Header Files\FrameWork</Filter>
    </ClInclude>
    <ClInclude Include="FrameWork\Graphics.h">
      <Filter>Header Files\FrameWork</Filter>
    </ClInclude>
    <ClInclude Include="FrameWork\IComponent.h">
      <Filter>Header Files\FrameWork</Filter>
    </ClInclude>
    <ClInclude Include="FrameWork\InputController.h">
      <Filter>Header Files\FrameWork</Filter>
    </ClInclude>
    <ClInclude Include="FrameWork\Scene.h">
      <Filter>Header Files\FrameWork</Filter>
    </ClInclude>
    <ClInclude Include="FrameWork\Sprite.h">
      <Filter>Header Files\FrameWork</Filter>
    </ClInclude>
    <ClInclude Include="FrameWork\Texture.h">
      <Filter>Header Files\FrameWork</Filter>
    </ClInclude>
    <ClInclude Include="FrameWork\TimeSpan.h">
      <Filter>Header Files\FrameWork</Filter>
    </ClInclude>
    <ClInclude Include="FrameWork\Transformable.h">
      <Filter>Header Files\FrameWork</Filter>
    </ClInclude>
    <ClInclude Include="FrameWork\ViewPort.h">
      <Filter>Header Files\FrameWork</Filter>
    </ClInclude>
    <ClInclude Include="Objects\AladdinCharacter.h">
      <Filter>Header Files\Object</Filter>
    </ClInclude>
  </ItemGroup>
  <ItemGroup>
    <Text Include="Cach code.txt" />
  </ItemGroup>
</Project>